
Microsoft Visual Studio Solution File, Format Version 12.00
# Visual Studio 15
Project("{FAE04EC0-301F-11D3-BF4B-00C04F79EFBC}") = "Assembly-CSharp-Editor", "Assembly-CSharp-Editor.csproj", "{EA539961-56FB-047C-CB53-437B11DD4E40}"
EndProject
Project("{FAE04EC0-301F-11D3-BF4B-00C04F79EFBC}") = "Assembly-CSharp", "Assembly-CSharp.csproj", "{0BE317BD-4007-56EE-22E7-E86EA17B0A85}"
EndProject
Global
	GlobalSection(SolutionConfigurationPlatforms) = preSolution
		Debug|Any CPU = Debug|Any CPU
		Release|Any CPU = Release|Any CPU
	EndGlobalSection
	GlobalSection(ProjectConfigurationPlatforms) = postSolution
		{EA539961-56FB-047C-CB53-437B11DD4E40}.Debug|Any CPU.ActiveCfg = Debug|Any CPU
		{EA539961-56FB-047C-CB53-437B11DD4E40}.Debug|Any CPU.Build.0 = Debug|Any CPU
		{EA539961-56FB-047C-CB53-437B11DD4E40}.Release|Any CPU.ActiveCfg = Release|Any CPU
		{EA539961-56FB-047C-CB53-437B11DD4E40}.Release|Any CPU.Build.0 = Release|Any CPU
		{0BE317BD-4007-56EE-22E7-E86EA17B0A85}.Debug|Any CPU.ActiveCfg = Debug|Any CPU
		{0BE317BD-4007-56EE-22E7-E86EA17B0A85}.Debug|Any CPU.Build.0 = Debug|Any CPU
		{0BE317BD-4007-56EE-22E7-E86EA17B0A85}.Release|Any CPU.ActiveCfg = Release|Any CPU
		{0BE317BD-4007-56EE-22E7-E86EA17B0A85}.Release|Any CPU.Build.0 = Release|Any CPU
	EndGlobalSection
	GlobalSection(SolutionProperties) = preSolution
		HideSolutionNode = FALSE
	EndGlobalSection
EndGlobal
